{
  "name": "flashloan-bot",
  "lockfileVersion": 3,
  "requires": true,
  "packages": {
    "": {
      "dependencies": {
        "@aave/core-v3": "^1.18.0",
        "@openzeppelin/contracts": "^4.9.3"
      }
    },
    "node_modules/@aave/core-v3": {
      "version": "1.18.0",
      "resolved": "https://registry.npmjs.org/@aave/core-v3/-/core-v3-1.18.0.tgz",
      "integrity": "sha512-vWJdJ+Ci9LEgalm0CzKpUmYh35jD0MKYK1AftrIRoiBKCDRNXL8VpQ+60ByMWwIbCy9P81Z4G5oHy6lRduERNQ==",
      "engines": {
        "node": ">=16.0.0"
      }
    },
    "node_modules/@openzeppelin/contracts": {
      "version": "4.9.3",
      "resolved": "https://registry.npmjs.org/@openzeppelin/contracts/-/contracts-4.9.3.tgz",
      "integrity": "sha512-He3LieZ1pP2TNt5JbkPA4PNT9WC3gOTOlDcFGJW4Le4QKqwmiNJCRt44APfxMxvq7OugU/cqYuPcSBzOw38DAg=="
    }
  }
}
